
Microsoft Visual Studio Solution File, Format Version 12.00
# Visual Studio Version 17
VisualStudioVersion = 17.9.34902.65
MinimumVisualStudioVersion = 10.0.40219.1
Project("{FAE04EC0-301F-11D3-BF4B-00C04F79EFBC}") = "RESTAPI", "RESTAPI.csproj", "{FB549123-658F-4392-B85D-C1CA1F101592}"
EndProject
Global
	GlobalSection(SolutionConfigurationPlatforms) = preSolution
		Debug|Any CPU = Debug|Any CPU
		Release|Any CPU = Release|Any CPU
	EndGlobalSection
	GlobalSection(ProjectConfigurationPlatforms) = postSolution
		{FB549123-658F-4392-B85D-C1CA1F101592}.Debug|Any CPU.ActiveCfg = Debug|Any CPU
		{FB549123-658F-4392-B85D-C1CA1F101592}.Debug|Any CPU.Build.0 = Debug|Any CPU
		{FB549123-658F-4392-B85D-C1CA1F101592}.Release|Any CPU.ActiveCfg = Release|Any CPU
		{FB549123-658F-4392-B85D-C1CA1F101592}.Release|Any CPU.Build.0 = Release|Any CPU
	EndGlobalSection
	GlobalSection(SolutionProperties) = preSolution
		HideSolutionNode = FALSE
	EndGlobalSection
	GlobalSection(ExtensibilityGlobals) = postSolution
		SolutionGuid = {3AB88882-5253-427B-BF9A-3DF42FD0AD20}
	EndGlobalSection
EndGlobal
